
Microsoft Visual Studio Solution File, Format Version 12.00
# Visual Studio Version 17
VisualStudioVersion = 17.5.002.0
MinimumVisualStudioVersion = 10.0.40219.1
Project("{9A19103F-16F7-4668-BE54-9A1E7A4F7556}") = "SumOnDiagonalOfMatrix", "SumOnDiagonalOfMatrix.csproj", "{BDE76B7D-BC32-4EBB-9BA0-111AFEA76708}"
EndProject
Global
	GlobalSection(SolutionConfigurationPlatforms) = preSolution
		Debug|Any CPU = Debug|Any CPU
		Release|Any CPU = Release|Any CPU
	EndGlobalSection
	GlobalSection(ProjectConfigurationPlatforms) = postSolution
		{BDE76B7D-BC32-4EBB-9BA0-111AFEA76708}.Debug|Any CPU.ActiveCfg = Debug|Any CPU
		{BDE76B7D-BC32-4EBB-9BA0-111AFEA76708}.Debug|Any CPU.Build.0 = Debug|Any CPU
		{BDE76B7D-BC32-4EBB-9BA0-111AFEA76708}.Release|Any CPU.ActiveCfg = Release|Any CPU
		{BDE76B7D-BC32-4EBB-9BA0-111AFEA76708}.Release|Any CPU.Build.0 = Release|Any CPU
	EndGlobalSection
	GlobalSection(SolutionProperties) = preSolution
		HideSolutionNode = FALSE
	EndGlobalSection
	GlobalSection(ExtensibilityGlobals) = postSolution
		SolutionGuid = {10A2470F-10CF-45B8-86E2-BA9E007606EE}
	EndGlobalSection
EndGlobal
